
Microsoft Visual Studio Solution File, Format Version 12.00
# Visual Studio Version 16
VisualStudioVersion = 16.0.29326.143
MinimumVisualStudioVersion = 10.0.40219.1
Project("{FAE04EC0-301F-11D3-BF4B-00C04F79EFBC}") = "CoreWebAPI", "CoreWebAPI.csproj", "{525ADEE5-CD09-4E92-AB09-7890C8806864}"
EndProject
Project("{FAE04EC0-301F-11D3-BF4B-00C04F79EFBC}") = "CoreWebAPI2", "..\CoreWebAPI2\CoreWebAPI2.csproj", "{363CC942-40E5-4B7C-92C3-AB7176F436B6}"
EndProject
Global
	GlobalSection(SolutionConfigurationPlatforms) = preSolution
		Debug|Any CPU = Debug|Any CPU
		Release|Any CPU = Release|Any CPU
	EndGlobalSection
	GlobalSection(ProjectConfigurationPlatforms) = postSolution
		{525ADEE5-CD09-4E92-AB09-7890C8806864}.Debug|Any CPU.ActiveCfg = Debug|Any CPU
		{525ADEE5-CD09-4E92-AB09-7890C8806864}.Debug|Any CPU.Build.0 = Debug|Any CPU
		{525ADEE5-CD09-4E92-AB09-7890C8806864}.Release|Any CPU.ActiveCfg = Release|Any CPU
		{525ADEE5-CD09-4E92-AB09-7890C8806864}.Release|Any CPU.Build.0 = Release|Any CPU
		{363CC942-40E5-4B7C-92C3-AB7176F436B6}.Debug|Any CPU.ActiveCfg = Debug|Any CPU
		{363CC942-40E5-4B7C-92C3-AB7176F436B6}.Debug|Any CPU.Build.0 = Debug|Any CPU
		{363CC942-40E5-4B7C-92C3-AB7176F436B6}.Release|Any CPU.ActiveCfg = Release|Any CPU
		{363CC942-40E5-4B7C-92C3-AB7176F436B6}.Release|Any CPU.Build.0 = Release|Any CPU
	EndGlobalSection
	GlobalSection(SolutionProperties) = preSolution
		HideSolutionNode = FALSE
	EndGlobalSection
	GlobalSection(ExtensibilityGlobals) = postSolution
		SolutionGuid = {08090B2E-3D19-48C8-935A-28A6AA1CCFC1}
	EndGlobalSection
EndGlobal
